// !$*UTF8*$!
{
	archiveVersion = 1;
	classes = {
	};
	objectVersion = 46;
	objects = {

/* Begin PBXBuildFile section */
		935F43901A7420DC00B6F0C0 /* main.m in Sources */ = {isa = PBXBuildFile; fileRef = 935F438F1A7420DC00B6F0C0 /* main.m */; };
		935F43931A7420DC00B6F0C0 /* AppDelegate.m in Sources */ = {isa = PBXBuildFile; fileRef = 935F43921A7420DC00B6F0C0 /* AppDelegate.m */; };
		935F43961A7420DC00B6F0C0 /* GameScene.m in Sources */ = {isa = PBXBuildFile; fileRef = 935F43951A7420DC00B6F0C0 /* GameScene.m */; };
		935F43981A7420DC00B6F0C0 /* GameScene.sks in Resources */ = {isa = PBXBuildFile; fileRef = 935F43971A7420DC00B6F0C0 /* GameScene.sks */; };
		935F439B1A7420DC00B6F0C0 /* GameViewController.m in Sources */ = {isa = PBXBuildFile; fileRef = 935F439A1A7420DC00B6F0C0 /* GameViewController.m */; };
		935F439E1A7420DC00B6F0C0 /* Main.storyboard in Resources */ = {isa = PBXBuildFile; fileRef = 935F439C1A7420DC00B6F0C0 /* Main.storyboard */; };
		935F43A01A7420DC00B6F0C0 /* Images.xcassets in Resources */ = {isa = PBXBuildFile; fileRef = 935F439F1A7420DC00B6F0C0 /* Images.xcassets */; };
		935F43A31A7420DC00B6F0C0 /* LaunchScreen.xib in Resources */ = {isa = PBXBuildFile; fileRef = 935F43A11A7420DC00B6F0C0 /* LaunchScreen.xib */; };
		935F43BA1A753CC900B6F0C0 /* GameOver.m in Sources */ = {isa = PBXBuildFile; fileRef = 935F43B91A753CC900B6F0C0 /* GameOver.m */; };
		935F43C31A754BD900B6F0C0 /* laserbolt.mp3 in Resources */ = {isa = PBXBuildFile; fileRef = 935F43C21A754BD900B6F0C0 /* laserbolt.mp3 */; };
		935F43C71A754E1F00B6F0C0 /* attribs.txt in Resources */ = {isa = PBXBuildFile; fileRef = 935F43C61A754E1F00B6F0C0 /* attribs.txt */; };
		935F43C91A754E4E00B6F0C0 /* asteroidsplat.mp3 in Resources */ = {isa = PBXBuildFile; fileRef = 935F43C81A754E4E00B6F0C0 /* asteroidsplat.mp3 */; };
		935F43CB1A7553A800B6F0C0 /* shipboom2.m4a in Resources */ = {isa = PBXBuildFile; fileRef = 935F43CA1A7553A800B6F0C0 /* shipboom2.m4a */; };
		935F43CE1A75551A00B6F0C0 /* StarField.m in Sources */ = {isa = PBXBuildFile; fileRef = 935F43CD1A75551A00B6F0C0 /* StarField.m */; };
/* End PBXBuildFile section */

/* Begin PBXFileReference section */
		935F438A1A7420DC00B6F0C0 /* Foo.app */ = {isa = PBXFileReference; explicitFileType = wrapper.application; includeInIndex = 0; path = Foo.app; sourceTree = BUILT_PRODUCTS_DIR; };
		935F438E1A7420DC00B6F0C0 /* Info.plist */ = {isa = PBXFileReference; lastKnownFileType = text.plist.xml; path = Info.plist; sourceTree = "<group>"; };
		935F438F1A7420DC00B6F0C0 /* main.m */ = {isa = PBXFileReference; lastKnownFileType = sourcecode.c.objc; path = main.m; sourceTree = "<group>"; };
		935F43911A7420DC00B6F0C0 /* AppDelegate.h */ = {isa = PBXFileReference; lastKnownFileType = sourcecode.c.h; path = AppDelegate.h; sourceTree = "<group>"; };
		935F43921A7420DC00B6F0C0 /* AppDelegate.m */ = {isa = PBXFileReference; lastKnownFileType = sourcecode.c.objc; path = AppDelegate.m; sourceTree = "<group>"; };
		935F43941A7420DC00B6F0C0 /* GameScene.h */ = {isa = PBXFileReference; lastKnownFileType = sourcecode.c.h; path = GameScene.h; sourceTree = "<group>"; };
		935F43951A7420DC00B6F0C0 /* GameScene.m */ = {isa = PBXFileReference; lastKnownFileType = sourcecode.c.objc; path = GameScene.m; sourceTree = "<group>"; };
		935F43971A7420DC00B6F0C0 /* GameScene.sks */ = {isa = PBXFileReference; lastKnownFileType = file.sks; path = GameScene.sks; sourceTree = "<group>"; };
		935F43991A7420DC00B6F0C0 /* GameViewController.h */ = {isa = PBXFileReference; lastKnownFileType = sourcecode.c.h; path = GameViewController.h; sourceTree = "<group>"; };
		935F439A1A7420DC00B6F0C0 /* GameViewController.m */ = {isa = PBXFileReference; lastKnownFileType = sourcecode.c.objc; path = GameViewController.m; sourceTree = "<group>"; };
		935F439D1A7420DC00B6F0C0 /* Base */ = {isa = PBXFileReference; lastKnownFileType = file.storyboard; name = Base; path = Base.lproj/Main.storyboard; sourceTree = "<group>"; };
		935F439F1A7420DC00B6F0C0 /* Images.xcassets */ = {isa = PBXFileReference; lastKnownFileType = folder.assetcatalog; path = Images.xcassets; sourceTree = "<group>"; };
		935F43A21A7420DC00B6F0C0 /* Base */ = {isa = PBXFileReference; lastKnownFileType = file.xib; name = Base; path = Base.lproj/LaunchScreen.xib; sourceTree = "<group>"; };
		935F43AD1A7420DD00B6F0C0 /* Info.plist */ = {isa = PBXFileReference; lastKnownFileType = text.plist.xml; path = Info.plist; sourceTree = "<group>"; };
		935F43AE1A7420DD00B6F0C0 /* FooTests.m */ = {isa = PBXFileReference; lastKnownFileType = sourcecode.c.objc; path = FooTests.m; sourceTree = "<group>"; };
		935F43B81A753C6A00B6F0C0 /* GameOver.h */ = {isa = PBXFileReference; lastKnownFileType = sourcecode.c.h; path = GameOver.h; sourceTree = "<group>"; };
		935F43B91A753CC900B6F0C0 /* GameOver.m */ = {isa = PBXFileReference; fileEncoding = 4; lastKnownFileType = sourcecode.c.objc; path = GameOver.m; sourceTree = "<group>"; };
		935F43C21A754BD900B6F0C0 /* laserbolt.mp3 */ = {isa = PBXFileReference; lastKnownFileType = audio.mp3; path = laserbolt.mp3; sourceTree = "<group>"; };
		935F43C61A754E1F00B6F0C0 /* attribs.txt */ = {isa = PBXFileReference; fileEncoding = 4; lastKnownFileType = text; path = attribs.txt; sourceTree = "<group>"; };
		935F43C81A754E4E00B6F0C0 /* asteroidsplat.mp3 */ = {isa = PBXFileReference; lastKnownFileType = audio.mp3; path = asteroidsplat.mp3; sourceTree = "<group>"; };
		935F43CA1A7553A800B6F0C0 /* shipboom2.m4a */ = {isa = PBXFileReference; lastKnownFileType = file; path = shipboom2.m4a; sourceTree = "<group>"; };
		935F43CC1A7554DC00B6F0C0 /* StarField.h */ = {isa = PBXFileReference; lastKnownFileType = sourcecode.c.h; path = StarField.h; sourceTree = "<group>"; };
		935F43CD1A75551A00B6F0C0 /* StarField.m */ = {isa = PBXFileReference; fileEncoding = 4; lastKnownFileType = sourcecode.c.objc; path = StarField.m; sourceTree = "<group>"; };
/* End PBXFileReference section */

/* Begin PBXFrameworksBuildPhase section */
		935F43871A7420DC00B6F0C0 /* Frameworks */ = {
			isa = PBXFrameworksBuildPhase;
			buildActionMask = 2147483647;
			files = (
			);
			runOnlyForDeploymentPostprocessing = 0;
		};
/* End PBXFrameworksBuildPhase section */

/* Begin PBXGroup section */
		935F43811A7420DC00B6F0C0 = {
			isa = PBXGroup;
			children = (
				935F438C1A7420DC00B6F0C0 /* Foo */,
				935F43AB1A7420DD00B6F0C0 /* FooTests */,
				935F438B1A7420DC00B6F0C0 /* Products */,
			);
			sourceTree = "<group>";
		};
		935F438B1A7420DC00B6F0C0 /* Products */ = {
			isa = PBXGroup;
			children = (
				935F438A1A7420DC00B6F0C0 /* Foo.app */,
			);
			name = Products;
			sourceTree = "<group>";
		};
		935F438C1A7420DC00B6F0C0 /* Foo */ = {
			isa = PBXGroup;
			children = (
				935F43BB1A75497700B6F0C0 /* sounds */,
				935F43911A7420DC00B6F0C0 /* AppDelegate.h */,
				935F43921A7420DC00B6F0C0 /* AppDelegate.m */,
				935F43941A7420DC00B6F0C0 /* GameScene.h */,
				935F43951A7420DC00B6F0C0 /* GameScene.m */,
				935F43B81A753C6A00B6F0C0 /* GameOver.h */,
				935F43B91A753CC900B6F0C0 /* GameOver.m */,
				935F43971A7420DC00B6F0C0 /* GameScene.sks */,
				935F43991A7420DC00B6F0C0 /* GameViewController.h */,
				935F439A1A7420DC00B6F0C0 /* GameViewController.m */,
				935F439C1A7420DC00B6F0C0 /* Main.storyboard */,
				935F439F1A7420DC00B6F0C0 /* Images.xcassets */,
				935F43A11A7420DC00B6F0C0 /* LaunchScreen.xib */,
				935F438D1A7420DC00B6F0C0 /* Supporting Files */,
				935F43CC1A7554DC00B6F0C0 /* StarField.h */,
				935F43CD1A75551A00B6F0C0 /* StarField.m */,
			);
			path = Foo;
			sourceTree = "<group>";
		};
		935F438D1A7420DC00B6F0C0 /* Supporting Files */ = {
			isa = PBXGroup;
			children = (
				935F438E1A7420DC00B6F0C0 /* Info.plist */,
				935F438F1A7420DC00B6F0C0 /* main.m */,
			);
			name = "Supporting Files";
			sourceTree = "<group>";
		};
		935F43AB1A7420DD00B6F0C0 /* FooTests */ = {
			isa = PBXGroup;
			children = (
				935F43AE1A7420DD00B6F0C0 /* FooTests.m */,
				935F43AC1A7420DD00B6F0C0 /* Supporting Files */,
			);
			path = FooTests;
			sourceTree = "<group>";
		};
		935F43AC1A7420DD00B6F0C0 /* Supporting Files */ = {
			isa = PBXGroup;
			children = (
				935F43AD1A7420DD00B6F0C0 /* Info.plist */,
			);
			name = "Supporting Files";
			sourceTree = "<group>";
		};
		935F43BB1A75497700B6F0C0 /* sounds */ = {
			isa = PBXGroup;
			children = (
				935F43CA1A7553A800B6F0C0 /* shipboom2.m4a */,
				935F43C81A754E4E00B6F0C0 /* asteroidsplat.mp3 */,
				935F43C21A754BD900B6F0C0 /* laserbolt.mp3 */,
				935F43C61A754E1F00B6F0C0 /* attribs.txt */,
			);
			name = sounds;
			sourceTree = "<group>";
		};
/* End PBXGroup section */

/* Begin PBXNativeTarget section */
		935F43891A7420DC00B6F0C0 /* Foo */ = {
			isa = PBXNativeTarget;
			buildConfigurationList = 935F43B21A7420DD00B6F0C0 /* Build configuration list for PBXNativeTarget "Foo" */;
			buildPhases = (
				935F43861A7420DC00B6F0C0 /* Sources */,
				935F43871A7420DC00B6F0C0 /* Frameworks */,
				935F43881A7420DC00B6F0C0 /* Resources */,
			);
			buildRules = (
			);
			dependencies = (
			);
			name = Foo;
			productName = Foo;
			productReference = 935F438A1A7420DC00B6F0C0 /* Foo.app */;
			productType = "com.apple.product-type.application";
		};
/* End PBXNativeTarget section */

/* Begin PBXProject section */
		935F43821A7420DC00B6F0C0 /* Project object */ = {
			isa = PBXProject;
			attributes = {
				LastUpgradeCheck = 0610;
				ORGANIZATIONNAME = me;
				TargetAttributes = {
					935F43891A7420DC00B6F0C0 = {
						CreatedOnToolsVersion = 6.1.1;
						DevelopmentTeam = 9P4U82LJGY;
					};
				};
			};
			buildConfigurationList = 935F43851A7420DC00B6F0C0 /* Build configuration list for PBXProject "Foo" */;
			compatibilityVersion = "Xcode 3.2";
			developmentRegion = English;
			hasScannedForEncodings = 0;
			knownRegions = (
				en,
				Base,
			);
			mainGroup = 935F43811A7420DC00B6F0C0;
			productRefGroup = 935F438B1A7420DC00B6F0C0 /* Products */;
			projectDirPath = "";
			projectRoot = "";
			targets = (
				935F43891A7420DC00B6F0C0 /* Foo */,
			);
		};
/* End PBXProject section */

/* Begin PBXResourcesBuildPhase section */
		935F43881A7420DC00B6F0C0 /* Resources */ = {
			isa = PBXResourcesBuildPhase;
			buildActionMask = 2147483647;
			files = (
				935F43C31A754BD900B6F0C0 /* laserbolt.mp3 in Resources */,
				935F43C91A754E4E00B6F0C0 /* asteroidsplat.mp3 in Resources */,
				935F43CB1A7553A800B6F0C0 /* shipboom2.m4a in Resources */,
				935F43C71A754E1F00B6F0C0 /* attribs.txt in Resources */,
				935F43A31A7420DC00B6F0C0 /* LaunchScreen.xib in Resources */,
				935F43A01A7420DC00B6F0C0 /* Images.xcassets in Resources */,
				935F43981A7420DC00B6F0C0 /* GameScene.sks in Resources */,
				935F439E1A7420DC00B6F0C0 /* Main.storyboard in Resources */,
			);
			runOnlyForDeploymentPostprocessing = 0;
		};
/* End PBXResourcesBuildPhase section */

/* Begin PBXSourcesBuildPhase section */
		935F43861A7420DC00B6F0C0 /* Sources */ = {
			isa = PBXSourcesBuildPhase;
			buildActionMask = 2147483647;
			files = (
				935F43CE1A75551A00B6F0C0 /* StarField.m in Sources */,
				935F439B1A7420DC00B6F0C0 /* GameViewController.m in Sources */,
				935F43BA1A753CC900B6F0C0 /* GameOver.m in Sources */,
				935F43931A7420DC00B6F0C0 /* AppDelegate.m in Sources */,
				935F43961A7420DC00B6F0C0 /* GameScene.m in Sources */,
				935F43901A7420DC00B6F0C0 /* main.m in Sources */,
			);
			runOnlyForDeploymentPostprocessing = 0;
		};
/* End PBXSourcesBuildPhase section */

/* Begin PBXVariantGroup section */
		935F439C1A7420DC00B6F0C0 /* Main.storyboard */ = {
			isa = PBXVariantGroup;
			children = (
				935F439D1A7420DC00B6F0C0 /* Base */,
			);
			name = Main.storyboard;
			sourceTree = "<group>";
		};
		935F43A11A7420DC00B6F0C0 /* LaunchScreen.xib */ = {
			isa = PBXVariantGroup;
			children = (
				935F43A21A7420DC00B6F0C0 /* Base */,
			);
			name = LaunchScreen.xib;
			sourceTree = "<group>";
		};
/* End PBXVariantGroup section */

/* Begin XCBuildConfiguration section */
		935F43B01A7420DD00B6F0C0 /* Debug */ = {
			isa = XCBuildConfiguration;
			buildSettings = {
				ALWAYS_SEARCH_USER_PATHS = NO;
				CLANG_CXX_LANGUAGE_STANDARD = "gnu++0x";
				CLANG_CXX_LIBRARY = "libc++";
				CLANG_ENABLE_MODULES = YES;
				CLANG_ENABLE_OBJC_ARC = YES;
				CLANG_WARN_BOOL_CONVERSION = YES;
				CLANG_WARN_CONSTANT_CONVERSION = YES;
				CLANG_WARN_DIRECT_OBJC_ISA_USAGE = YES_ERROR;
				CLANG_WARN_EMPTY_BODY = YES;
				CLANG_WARN_ENUM_CONVERSION = YES;
				CLANG_WARN_INT_CONVERSION = YES;
				CLANG_WARN_OBJC_ROOT_CLASS = YES_ERROR;
				CLANG_WARN_UNREACHABLE_CODE = YES;
				CLANG_WARN__DUPLICATE_METHOD_MATCH = YES;
				CODE_SIGN_IDENTITY = "iPhone Developer: Oisin Hurley (LUCTW6SF74)";
				"CODE_SIGN_IDENTITY[sdk=iphoneos*]" = "iPhone Developer: Oisin Hurley (LUCTW6SF74)";
				COPY_PHASE_STRIP = NO;
				ENABLE_STRICT_OBJC_MSGSEND = YES;
				GCC_C_LANGUAGE_STANDARD = gnu99;
				GCC_DYNAMIC_NO_PIC = NO;
				GCC_OPTIMIZATION_LEVEL = 0;
				GCC_PREPROCESSOR_DEFINITIONS = (
					"DEBUG=1",
					"$(inherited)",
				);
				GCC_SYMBOLS_PRIVATE_EXTERN = NO;
				GCC_WARN_64_TO_32_BIT_CONVERSION = YES;
				GCC_WARN_ABOUT_RETURN_TYPE = YES_ERROR;
				GCC_WARN_UNDECLARED_SELECTOR = YES;
				GCC_WARN_UNINITIALIZED_AUTOS = YES_AGGRESSIVE;
				GCC_WARN_UNUSED_FUNCTION = YES;
				GCC_WARN_UNUSED_VARIABLE = YES;
				IPHONEOS_DEPLOYMENT_TARGET = 8.1;
				MTL_ENABLE_DEBUG_INFO = YES;
				ONLY_ACTIVE_ARCH = YES;
				SDKROOT = iphoneos;
			};
			name = Debug;
		};
		935F43B11A7420DD00B6F0C0 /* Release */ = {
			isa = XCBuildConfiguration;
			buildSettings = {
				ALWAYS_SEARCH_USER_PATHS = NO;
				CLANG_CXX_LANGUAGE_STANDARD = "gnu++0x";
				CLANG_CXX_LIBRARY = "libc++";
				CLANG_ENABLE_MODULES = YES;
				CLANG_ENABLE_OBJC_ARC = YES;
				CLANG_WARN_BOOL_CONVERSION = YES;
				CLANG_WARN_CONSTANT_CONVERSION = YES;
				CLANG_WARN_DIRECT_OBJC_ISA_USAGE = YES_ERROR;
				CLANG_WARN_EMPTY_BODY = YES;
				CLANG_WARN_ENUM_CONVERSION = YES;
				CLANG_WARN_INT_CONVERSION = YES;
				CLANG_WARN_OBJC_ROOT_CLASS = YES_ERROR;
				CLANG_WARN_UNREACHABLE_CODE = YES;
				CLANG_WARN__DUPLICATE_METHOD_MATCH = YES;
				CODE_SIGN_IDENTITY = "iPhone Developer: Oisin Hurley (LUCTW6SF74)";
				"CODE_SIGN_IDENTITY[sdk=iphoneos*]" = "iPhone Developer: Oisin Hurley (LUCTW6SF74)";
				COPY_PHASE_STRIP = YES;
				ENABLE_NS_ASSERTIONS = NO;
				ENABLE_STRICT_OBJC_MSGSEND = YES;
				GCC_C_LANGUAGE_STANDARD = gnu99;
				GCC_WARN_64_TO_32_BIT_CONVERSION = YES;
				GCC_WARN_ABOUT_RETURN_TYPE = YES_ERROR;
				GCC_WARN_UNDECLARED_SELECTOR = YES;
				GCC_WARN_UNINITIALIZED_AUTOS = YES_AGGRESSIVE;
				GCC_WARN_UNUSED_FUNCTION = YES;
				GCC_WARN_UNUSED_VARIABLE = YES;
				IPHONEOS_DEPLOYMENT_TARGET = 8.1;
				MTL_ENABLE_DEBUG_INFO = NO;
				SDKROOT = iphoneos;
				VALIDATE_PRODUCT = YES;
			};
			name = Release;
		};
		935F43B31A7420DD00B6F0C0 /* Debug */ = {
			isa = XCBuildConfiguration;
			buildSettings = {
				ASSETCATALOG_COMPILER_APPICON_NAME = AppIcon;
				CODE_SIGN_IDENTITY = "";
				"CODE_SIGN_IDENTITY[sdk=iphoneos*]" = "";
				INFOPLIST_FILE = Foo/Info.plist;
				LD_RUNPATH_SEARCH_PATHS = "$(inherited) @executable_path/Frameworks";
				PRODUCT_NAME = "$(TARGET_NAME)";
				PROVISIONING_PROFILE = "8a9c410c-4c4b-44d2-a0c2-0f7b355e7a5f";
			};
			name = Debug;
		};
		935F43B41A7420DD00B6F0C0 /* Release */ = {
			isa = XCBuildConfiguration;
			buildSettings = {
				ASSETCATALOG_COMPILER_APPICON_NAME = AppIcon;
				CODE_SIGN_IDENTITY = "";
				"CODE_SIGN_IDENTITY[sdk=iphoneos*]" = "";
				INFOPLIST_FILE = Foo/Info.plist;
				LD_RUNPATH_SEARCH_PATHS = "$(inherited) @executable_path/Frameworks";
				PRODUCT_NAME = "$(TARGET_NAME)";
				PROVISIONING_PROFILE = "8a9c410c-4c4b-44d2-a0c2-0f7b355e7a5f";
			};
			name = Release;
		};
/* End XCBuildConfiguration section */

/* Begin XCConfigurationList section */
		935F43851A7420DC00B6F0C0 /* Build configuration list for PBXProject "Foo" */ = {
			isa = XCConfigurationList;
			buildConfigurations = (
				935F43B01A7420DD00B6F0C0 /* Debug */,
				935F43B11A7420DD00B6F0C0 /* Release */,
			);
			defaultConfigurationIsVisible = 0;
			defaultConfigurationName = Release;
		};
		935F43B21A7420DD00B6F0C0 /* Build configuration list for PBXNativeTarget "Foo" */ = {
			isa = XCConfigurationList;
			buildConfigurations = (
				935F43B31A7420DD00B6F0C0 /* Debug */,
				935F43B41A7420DD00B6F0C0 /* Release */,
			);
			defaultConfigurationIsVisible = 0;
		};
/* End XCConfigurationList section */
	};
	rootObject = 935F43821A7420DC00B6F0C0 /* Project object */;
}
